
Microsoft Visual Studio Solution File, Format Version 12.00
# Visual Studio 14
VisualStudioVersion = 14.0.25420.1
MinimumVisualStudioVersion = 10.0.40219.1
Project("{2150E333-8FDC-42A3-9474-1A3956D46DE8}") = "Tests", "Tests", "{C6561B48-E3A6-4DFA-A1BB-82EA5107062F}"
EndProject
Project("{2150E333-8FDC-42A3-9474-1A3956D46DE8}") = "Solution Items", "Solution Items", "{080158FC-32B6-4101-9309-86E7C894B888}"
	ProjectSection(SolutionItems) = preProject
		global.json = global.json
	EndProjectSection
EndProject
Project("{F184B08F-C81C-45F6-A57F-5ABD9991F28F}") = "SkyEditor.Core.Windows", "SkyEditor.Core.Windows\SkyEditor.Core.Windows.vbproj", "{8238A6A2-76AF-4741-8564-D1D2A4B067BB}"
EndProject
Project("{FAE04EC0-301F-11D3-BF4B-00C04F79EFBC}") = "ManualLoadPlugin", "Tests\ManualLoadPlugin\ManualLoadPlugin.csproj", "{7F66164A-6E68-4F75-BD31-F0F184162562}"
EndProject
Project("{FAE04EC0-301F-11D3-BF4B-00C04F79EFBC}") = "AutoLoadPlugin", "Tests\AutoLoadPlugin\AutoLoadPlugin.csproj", "{7E0BFD24-BBB9-4481-B183-38CD6836924F}"
EndProject
Project("{FAE04EC0-301F-11D3-BF4B-00C04F79EFBC}") = "Sky Editor Console", "Sky Editor Console\Sky Editor Console.csproj", "{9DACCC13-502C-49D9-8C01-0CDD7390E7D1}"
EndProject
Project("{FAE04EC0-301F-11D3-BF4B-00C04F79EFBC}") = "SkyEditor.Core.Tests", "Tests\SkyEditor.Core.Tests\SkyEditor.Core.Tests.csproj", "{3DE9438A-CA6B-4875-8F73-7C234EBB07D8}"
EndProject
Project("{FAE04EC0-301F-11D3-BF4B-00C04F79EFBC}") = "SkyEditor.Core", "SkyEditor.Core\SkyEditor.Core.csproj", "{4985BC22-88B5-422D-A0D3-B772470B2AA8}"
EndProject
Global
	GlobalSection(SolutionConfigurationPlatforms) = preSolution
		Debug|Any CPU = Debug|Any CPU
		Debug|x64 = Debug|x64
		Debug|x86 = Debug|x86
		Release|Any CPU = Release|Any CPU
		Release|x64 = Release|x64
		Release|x86 = Release|x86
	EndGlobalSection
	GlobalSection(ProjectConfigurationPlatforms) = postSolution
		{8238A6A2-76AF-4741-8564-D1D2A4B067BB}.Debug|Any CPU.ActiveCfg = Debug|Any CPU
		{8238A6A2-76AF-4741-8564-D1D2A4B067BB}.Debug|Any CPU.Build.0 = Debug|Any CPU
		{8238A6A2-76AF-4741-8564-D1D2A4B067BB}.Debug|x64.ActiveCfg = Debug|Any CPU
		{8238A6A2-76AF-4741-8564-D1D2A4B067BB}.Debug|x64.Build.0 = Debug|Any CPU
		{8238A6A2-76AF-4741-8564-D1D2A4B067BB}.Debug|x86.ActiveCfg = Debug|Any CPU
		{8238A6A2-76AF-4741-8564-D1D2A4B067BB}.Debug|x86.Build.0 = Debug|Any CPU
		{8238A6A2-76AF-4741-8564-D1D2A4B067BB}.Release|Any CPU.ActiveCfg = Release|Any CPU
		{8238A6A2-76AF-4741-8564-D1D2A4B067BB}.Release|Any CPU.Build.0 = Release|Any CPU
		{8238A6A2-76AF-4741-8564-D1D2A4B067BB}.Release|x64.ActiveCfg = Release|Any CPU
		{8238A6A2-76AF-4741-8564-D1D2A4B067BB}.Release|x64.Build.0 = Release|Any CPU
		{8238A6A2-76AF-4741-8564-D1D2A4B067BB}.Release|x86.ActiveCfg = Release|Any CPU
		{8238A6A2-76AF-4741-8564-D1D2A4B067BB}.Release|x86.Build.0 = Release|Any CPU
		{7F66164A-6E68-4F75-BD31-F0F184162562}.Debug|Any CPU.ActiveCfg = Debug|Any CPU
		{7F66164A-6E68-4F75-BD31-F0F184162562}.Debug|Any CPU.Build.0 = Debug|Any CPU
		{7F66164A-6E68-4F75-BD31-F0F184162562}.Debug|x64.ActiveCfg = Debug|x64
		{7F66164A-6E68-4F75-BD31-F0F184162562}.Debug|x64.Build.0 = Debug|x64
		{7F66164A-6E68-4F75-BD31-F0F184162562}.Debug|x86.ActiveCfg = Debug|x86
		{7F66164A-6E68-4F75-BD31-F0F184162562}.Debug|x86.Build.0 = Debug|x86
		{7F66164A-6E68-4F75-BD31-F0F184162562}.Release|Any CPU.ActiveCfg = Release|Any CPU
		{7F66164A-6E68-4F75-BD31-F0F184162562}.Release|Any CPU.Build.0 = Release|Any CPU
		{7F66164A-6E68-4F75-BD31-F0F184162562}.Release|x64.ActiveCfg = Release|x64
		{7F66164A-6E68-4F75-BD31-F0F184162562}.Release|x64.Build.0 = Release|x64
		{7F66164A-6E68-4F75-BD31-F0F184162562}.Release|x86.ActiveCfg = Release|x86
		{7F66164A-6E68-4F75-BD31-F0F184162562}.Release|x86.Build.0 = Release|x86
		{7E0BFD24-BBB9-4481-B183-38CD6836924F}.Debug|Any CPU.ActiveCfg = Debug|Any CPU
		{7E0BFD24-BBB9-4481-B183-38CD6836924F}.Debug|Any CPU.Build.0 = Debug|Any CPU
		{7E0BFD24-BBB9-4481-B183-38CD6836924F}.Debug|x64.ActiveCfg = Debug|x64
		{7E0BFD24-BBB9-4481-B183-38CD6836924F}.Debug|x64.Build.0 = Debug|x64
		{7E0BFD24-BBB9-4481-B183-38CD6836924F}.Debug|x86.ActiveCfg = Debug|x86
		{7E0BFD24-BBB9-4481-B183-38CD6836924F}.Debug|x86.Build.0 = Debug|x86
		{7E0BFD24-BBB9-4481-B183-38CD6836924F}.Release|Any CPU.ActiveCfg = Release|Any CPU
		{7E0BFD24-BBB9-4481-B183-38CD6836924F}.Release|Any CPU.Build.0 = Release|Any CPU
		{7E0BFD24-BBB9-4481-B183-38CD6836924F}.Release|x64.ActiveCfg = Release|x64
		{7E0BFD24-BBB9-4481-B183-38CD6836924F}.Release|x64.Build.0 = Release|x64
		{7E0BFD24-BBB9-4481-B183-38CD6836924F}.Release|x86.ActiveCfg = Release|x86
		{7E0BFD24-BBB9-4481-B183-38CD6836924F}.Release|x86.Build.0 = Release|x86
		{9DACCC13-502C-49D9-8C01-0CDD7390E7D1}.Debug|Any CPU.ActiveCfg = Debug|Any CPU
		{9DACCC13-502C-49D9-8C01-0CDD7390E7D1}.Debug|Any CPU.Build.0 = Debug|Any CPU
		{9DACCC13-502C-49D9-8C01-0CDD7390E7D1}.Debug|x64.ActiveCfg = Debug|x64
		{9DACCC13-502C-49D9-8C01-0CDD7390E7D1}.Debug|x64.Build.0 = Debug|x64
		{9DACCC13-502C-49D9-8C01-0CDD7390E7D1}.Debug|x86.ActiveCfg = Debug|x86
		{9DACCC13-502C-49D9-8C01-0CDD7390E7D1}.Debug|x86.Build.0 = Debug|x86
		{9DACCC13-502C-49D9-8C01-0CDD7390E7D1}.Release|Any CPU.ActiveCfg = Release|Any CPU
		{9DACCC13-502C-49D9-8C01-0CDD7390E7D1}.Release|Any CPU.Build.0 = Release|Any CPU
		{9DACCC13-502C-49D9-8C01-0CDD7390E7D1}.Release|x64.ActiveCfg = Release|x64
		{9DACCC13-502C-49D9-8C01-0CDD7390E7D1}.Release|x64.Build.0 = Release|x64
		{9DACCC13-502C-49D9-8C01-0CDD7390E7D1}.Release|x86.ActiveCfg = Release|x86
		{9DACCC13-502C-49D9-8C01-0CDD7390E7D1}.Release|x86.Build.0 = Release|x86
		{3DE9438A-CA6B-4875-8F73-7C234EBB07D8}.Debug|Any CPU.ActiveCfg = Debug|Any CPU
		{3DE9438A-CA6B-4875-8F73-7C234EBB07D8}.Debug|Any CPU.Build.0 = Debug|Any CPU
		{3DE9438A-CA6B-4875-8F73-7C234EBB07D8}.Debug|x64.ActiveCfg = Debug|Any CPU
		{3DE9438A-CA6B-4875-8F73-7C234EBB07D8}.Debug|x64.Build.0 = Debug|Any CPU
		{3DE9438A-CA6B-4875-8F73-7C234EBB07D8}.Debug|x86.ActiveCfg = Debug|Any CPU
		{3DE9438A-CA6B-4875-8F73-7C234EBB07D8}.Debug|x86.Build.0 = Debug|Any CPU
		{3DE9438A-CA6B-4875-8F73-7C234EBB07D8}.Release|Any CPU.ActiveCfg = Release|Any CPU
		{3DE9438A-CA6B-4875-8F73-7C234EBB07D8}.Release|Any CPU.Build.0 = Release|Any CPU
		{3DE9438A-CA6B-4875-8F73-7C234EBB07D8}.Release|x64.ActiveCfg = Release|Any CPU
		{3DE9438A-CA6B-4875-8F73-7C234EBB07D8}.Release|x64.Build.0 = Release|Any CPU
		{3DE9438A-CA6B-4875-8F73-7C234EBB07D8}.Release|x86.ActiveCfg = Release|Any CPU
		{3DE9438A-CA6B-4875-8F73-7C234EBB07D8}.Release|x86.Build.0 = Release|Any CPU
		{4985BC22-88B5-422D-A0D3-B772470B2AA8}.Debug|Any CPU.ActiveCfg = Debug|Any CPU
		{4985BC22-88B5-422D-A0D3-B772470B2AA8}.Debug|Any CPU.Build.0 = Debug|Any CPU
		{4985BC22-88B5-422D-A0D3-B772470B2AA8}.Debug|x64.ActiveCfg = Debug|Any CPU
		{4985BC22-88B5-422D-A0D3-B772470B2AA8}.Debug|x64.Build.0 = Debug|Any CPU
		{4985BC22-88B5-422D-A0D3-B772470B2AA8}.Debug|x86.ActiveCfg = Debug|Any CPU
		{4985BC22-88B5-422D-A0D3-B772470B2AA8}.Debug|x86.Build.0 = Debug|Any CPU
		{4985BC22-88B5-422D-A0D3-B772470B2AA8}.Release|Any CPU.ActiveCfg = Release|Any CPU
		{4985BC22-88B5-422D-A0D3-B772470B2AA8}.Release|Any CPU.Build.0 = Release|Any CPU
		{4985BC22-88B5-422D-A0D3-B772470B2AA8}.Release|x64.ActiveCfg = Release|Any CPU
		{4985BC22-88B5-422D-A0D3-B772470B2AA8}.Release|x64.Build.0 = Release|Any CPU
		{4985BC22-88B5-422D-A0D3-B772470B2AA8}.Release|x86.ActiveCfg = Release|Any CPU
		{4985BC22-88B5-422D-A0D3-B772470B2AA8}.Release|x86.Build.0 = Release|Any CPU
	EndGlobalSection
	GlobalSection(SolutionProperties) = preSolution
		HideSolutionNode = FALSE
	EndGlobalSection
	GlobalSection(NestedProjects) = preSolution
		{7F66164A-6E68-4F75-BD31-F0F184162562} = {C6561B48-E3A6-4DFA-A1BB-82EA5107062F}
		{7E0BFD24-BBB9-4481-B183-38CD6836924F} = {C6561B48-E3A6-4DFA-A1BB-82EA5107062F}
		{3DE9438A-CA6B-4875-8F73-7C234EBB07D8} = {C6561B48-E3A6-4DFA-A1BB-82EA5107062F}
	EndGlobalSection
EndGlobal
