
Microsoft Visual Studio Solution File, Format Version 12.00
# Visual Studio 15
VisualStudioVersion = 15.0.26228.9
MinimumVisualStudioVersion = 10.0.40219.1
Project("{FAE04EC0-301F-11D3-BF4B-00C04F79EFBC}") = "SkyEditor.Core", "SkyEditor.Core\SkyEditor.Core.csproj", "{BB24A2F7-759B-4092-84CF-9FF3131B7D4D}"
EndProject
Project("{2150E333-8FDC-42A3-9474-1A3956D46DE8}") = "Tests", "Tests", "{1828C80A-B664-42F3-8183-B31219DFEF5D}"
EndProject
Project("{FAE04EC0-301F-11D3-BF4B-00C04F79EFBC}") = "SkyEditor.Core.Tests", "Tests\SkyEditor.Core.Tests\SkyEditor.Core.Tests.csproj", "{AC8FBB99-A78C-4234-96D5-F912DC91F8BD}"
EndProject
Project("{FAE04EC0-301F-11D3-BF4B-00C04F79EFBC}") = "ManualLoadPlugin", "Tests\ManualLoadPlugin\ManualLoadPlugin.csproj", "{F500D302-0049-43DC-8229-DDA43B07A655}"
EndProject
Project("{FAE04EC0-301F-11D3-BF4B-00C04F79EFBC}") = "AutoLoadPlugin", "Tests\AutoLoadPlugin\AutoLoadPlugin.csproj", "{4F714264-5A5B-4B7C-B7AB-48CAB3719EEC}"
EndProject
Project("{FAE04EC0-301F-11D3-BF4B-00C04F79EFBC}") = "Sky Editor Console", "Sky Editor Console\Sky Editor Console.csproj", "{0EB22436-53AF-427E-B2D6-350F51F17960}"
EndProject
Global
	GlobalSection(SolutionConfigurationPlatforms) = preSolution
		Debug|Any CPU = Debug|Any CPU
		Release|Any CPU = Release|Any CPU
	EndGlobalSection
	GlobalSection(ProjectConfigurationPlatforms) = postSolution
		{BB24A2F7-759B-4092-84CF-9FF3131B7D4D}.Debug|Any CPU.ActiveCfg = Debug|Any CPU
		{BB24A2F7-759B-4092-84CF-9FF3131B7D4D}.Debug|Any CPU.Build.0 = Debug|Any CPU
		{BB24A2F7-759B-4092-84CF-9FF3131B7D4D}.Release|Any CPU.ActiveCfg = Release|Any CPU
		{BB24A2F7-759B-4092-84CF-9FF3131B7D4D}.Release|Any CPU.Build.0 = Release|Any CPU
		{AC8FBB99-A78C-4234-96D5-F912DC91F8BD}.Debug|Any CPU.ActiveCfg = Debug|Any CPU
		{AC8FBB99-A78C-4234-96D5-F912DC91F8BD}.Debug|Any CPU.Build.0 = Debug|Any CPU
		{AC8FBB99-A78C-4234-96D5-F912DC91F8BD}.Release|Any CPU.ActiveCfg = Release|Any CPU
		{AC8FBB99-A78C-4234-96D5-F912DC91F8BD}.Release|Any CPU.Build.0 = Release|Any CPU
		{F500D302-0049-43DC-8229-DDA43B07A655}.Debug|Any CPU.ActiveCfg = Debug|Any CPU
		{F500D302-0049-43DC-8229-DDA43B07A655}.Debug|Any CPU.Build.0 = Debug|Any CPU
		{F500D302-0049-43DC-8229-DDA43B07A655}.Release|Any CPU.ActiveCfg = Release|Any CPU
		{F500D302-0049-43DC-8229-DDA43B07A655}.Release|Any CPU.Build.0 = Release|Any CPU
		{4F714264-5A5B-4B7C-B7AB-48CAB3719EEC}.Debug|Any CPU.ActiveCfg = Debug|Any CPU
		{4F714264-5A5B-4B7C-B7AB-48CAB3719EEC}.Debug|Any CPU.Build.0 = Debug|Any CPU
		{4F714264-5A5B-4B7C-B7AB-48CAB3719EEC}.Release|Any CPU.ActiveCfg = Release|Any CPU
		{4F714264-5A5B-4B7C-B7AB-48CAB3719EEC}.Release|Any CPU.Build.0 = Release|Any CPU
		{0EB22436-53AF-427E-B2D6-350F51F17960}.Debug|Any CPU.ActiveCfg = Debug|Any CPU
		{0EB22436-53AF-427E-B2D6-350F51F17960}.Debug|Any CPU.Build.0 = Debug|Any CPU
		{0EB22436-53AF-427E-B2D6-350F51F17960}.Release|Any CPU.ActiveCfg = Release|Any CPU
		{0EB22436-53AF-427E-B2D6-350F51F17960}.Release|Any CPU.Build.0 = Release|Any CPU
	EndGlobalSection
	GlobalSection(SolutionProperties) = preSolution
		HideSolutionNode = FALSE
	EndGlobalSection
	GlobalSection(NestedProjects) = preSolution
		{AC8FBB99-A78C-4234-96D5-F912DC91F8BD} = {1828C80A-B664-42F3-8183-B31219DFEF5D}
		{F500D302-0049-43DC-8229-DDA43B07A655} = {1828C80A-B664-42F3-8183-B31219DFEF5D}
		{4F714264-5A5B-4B7C-B7AB-48CAB3719EEC} = {1828C80A-B664-42F3-8183-B31219DFEF5D}
	EndGlobalSection
EndGlobal
